
Microsoft Visual Studio Solution File, Format Version 12.00
# Visual Studio Version 16
VisualStudioVersion = 16.0.29920.165
MinimumVisualStudioVersion = 10.0.40219.1
Project("{FAE04EC0-301F-11D3-BF4B-00C04F79EFBC}") = "OK1XOELOG", "OK1XOELOG\OK1XOELOG.csproj", "{87280FA2-D860-44E7-A00C-936682CA4103}"
EndProject
Global
	GlobalSection(SolutionConfigurationPlatforms) = preSolution
		Debug|Any CPU = Debug|Any CPU
		Release|Any CPU = Release|Any CPU
	EndGlobalSection
	GlobalSection(ProjectConfigurationPlatforms) = postSolution
		{87280FA2-D860-44E7-A00C-936682CA4103}.Debug|Any CPU.ActiveCfg = Debug|Any CPU
		{87280FA2-D860-44E7-A00C-936682CA4103}.Debug|Any CPU.Build.0 = Debug|Any CPU
		{87280FA2-D860-44E7-A00C-936682CA4103}.Release|Any CPU.ActiveCfg = Release|Any CPU
		{87280FA2-D860-44E7-A00C-936682CA4103}.Release|Any CPU.Build.0 = Release|Any CPU
	EndGlobalSection
	GlobalSection(SolutionProperties) = preSolution
		HideSolutionNode = FALSE
	EndGlobalSection
	GlobalSection(ExtensibilityGlobals) = postSolution
		SolutionGuid = {F1A7B416-F91C-42DD-AD9E-671EC0E88793}
	EndGlobalSection
EndGlobal
